
Microsoft Visual Studio Solution File, Format Version 12.00
# Visual Studio Version 16
VisualStudioVersion = 16.0.29709.97
MinimumVisualStudioVersion = 10.0.40219.1
Project("{FAE04EC0-301F-11D3-BF4B-00C04F79EFBC}") = "WeatherService", "WeatherService\WeatherService.csproj", "{6FB47C96-166E-4FFA-996A-E96CD07E9BEB}"
EndProject
Project("{FAE04EC0-301F-11D3-BF4B-00C04F79EFBC}") = "WeatherService.Domain", "WeatherService.Domain\WeatherService.Domain.csproj", "{06ECDD2D-5274-4CFB-8A7F-BF9955646993}"
EndProject
Project("{FAE04EC0-301F-11D3-BF4B-00C04F79EFBC}") = "WeatherService.Data", "WeatherService.Data\WeatherService.Data.csproj", "{261C963E-960B-4CB3-B1BE-9AFB5A742879}"
EndProject
Project("{FAE04EC0-301F-11D3-BF4B-00C04F79EFBC}") = "WeatherService.Common", "WeatherService.Common\WeatherService.Common.csproj", "{CD255F28-A05A-40F8-A724-343BB481499D}"
EndProject
Project("{FAE04EC0-301F-11D3-BF4B-00C04F79EFBC}") = "WeatherService.Unit", "WeatherService.Unit\WeatherService.Unit.csproj", "{C01A6FE2-5710-4E90-9A48-503F559A35D8}"
EndProject
Global
	GlobalSection(SolutionConfigurationPlatforms) = preSolution
		Debug|Any CPU = Debug|Any CPU
		Release|Any CPU = Release|Any CPU
	EndGlobalSection
	GlobalSection(ProjectConfigurationPlatforms) = postSolution
		{6FB47C96-166E-4FFA-996A-E96CD07E9BEB}.Debug|Any CPU.ActiveCfg = Debug|Any CPU
		{6FB47C96-166E-4FFA-996A-E96CD07E9BEB}.Debug|Any CPU.Build.0 = Debug|Any CPU
		{6FB47C96-166E-4FFA-996A-E96CD07E9BEB}.Release|Any CPU.ActiveCfg = Release|Any CPU
		{6FB47C96-166E-4FFA-996A-E96CD07E9BEB}.Release|Any CPU.Build.0 = Release|Any CPU
		{06ECDD2D-5274-4CFB-8A7F-BF9955646993}.Debug|Any CPU.ActiveCfg = Debug|Any CPU
		{06ECDD2D-5274-4CFB-8A7F-BF9955646993}.Debug|Any CPU.Build.0 = Debug|Any CPU
		{06ECDD2D-5274-4CFB-8A7F-BF9955646993}.Release|Any CPU.ActiveCfg = Release|Any CPU
		{06ECDD2D-5274-4CFB-8A7F-BF9955646993}.Release|Any CPU.Build.0 = Release|Any CPU
		{261C963E-960B-4CB3-B1BE-9AFB5A742879}.Debug|Any CPU.ActiveCfg = Debug|Any CPU
		{261C963E-960B-4CB3-B1BE-9AFB5A742879}.Debug|Any CPU.Build.0 = Debug|Any CPU
		{261C963E-960B-4CB3-B1BE-9AFB5A742879}.Release|Any CPU.ActiveCfg = Release|Any CPU
		{261C963E-960B-4CB3-B1BE-9AFB5A742879}.Release|Any CPU.Build.0 = Release|Any CPU
		{CD255F28-A05A-40F8-A724-343BB481499D}.Debug|Any CPU.ActiveCfg = Debug|Any CPU
		{CD255F28-A05A-40F8-A724-343BB481499D}.Debug|Any CPU.Build.0 = Debug|Any CPU
		{CD255F28-A05A-40F8-A724-343BB481499D}.Release|Any CPU.ActiveCfg = Release|Any CPU
		{CD255F28-A05A-40F8-A724-343BB481499D}.Release|Any CPU.Build.0 = Release|Any CPU
		{C01A6FE2-5710-4E90-9A48-503F559A35D8}.Debug|Any CPU.ActiveCfg = Debug|Any CPU
		{C01A6FE2-5710-4E90-9A48-503F559A35D8}.Debug|Any CPU.Build.0 = Debug|Any CPU
		{C01A6FE2-5710-4E90-9A48-503F559A35D8}.Release|Any CPU.ActiveCfg = Release|Any CPU
		{C01A6FE2-5710-4E90-9A48-503F559A35D8}.Release|Any CPU.Build.0 = Release|Any CPU
	EndGlobalSection
	GlobalSection(SolutionProperties) = preSolution
		HideSolutionNode = FALSE
	EndGlobalSection
	GlobalSection(ExtensibilityGlobals) = postSolution
		SolutionGuid = {D35E3557-9143-4CCF-A41B-781ED83180AF}
	EndGlobalSection
EndGlobal
